{
  "nodes": {
    "gnulib": {
      "flake": false,
      "locked": {
        "lastModified": 1644201512,
        "narHash": "sha256-e2n/D4PaV7LGQwu+UDDjIejmhTy4RrTHpxCwe7lw+vc=",
        "rev": "a5218207e5f92e152a34994cce4aa415b1eb25c8",
        "revCount": 22471,
        "type": "git",
        "url": "https://git.savannah.gnu.org/r/gnulib.git"
      },
      "original": {
        "rev": "a5218207e5f92e152a34994cce4aa415b1eb25c8",
        "type": "git",
        "url": "https://git.savannah.gnu.org/r/gnulib.git"
      }
    },
    "libtool": {
      "flake": false,
      "locked": {
        "lastModified": 1652677637,
        "narHash": "sha256-kS2Dh9cEGjuGmpMLX4EKReT97//JgDVyNbTTktvm9ek=",
        "ref": "master",
        "rev": "6132006b5fb6b95f31c30a972fbb829f93e1878b",
        "revCount": 4248,
        "submodules": true,
        "type": "git",
        "url": "git://git.savannah.gnu.org/libtool.git"
      },
      "original": {
        "submodules": true,
        "type": "git",
        "url": "git://git.savannah.gnu.org/libtool.git"
      }
    },
    "nixpkgs": {
      "locked": {
        "lastModified": 1652572281,
        "narHash": "sha256-UEsrB5XBOj0blVe2ldc0lHvlhLYZJDHroELMHlg7XxA=",
        "owner": "NixOS",
        "repo": "nixpkgs",
        "rev": "43ff6cb1c027d13dc938b88eb099462210fea52f",
        "type": "github"
      },
      "original": {
        "id": "nixpkgs",
        "type": "indirect"
      }
    },
    "root": {
      "inputs": {
        "gnulib": "gnulib",
        "libtool": "libtool",
        "nixpkgs": "nixpkgs"
      }
    }
  },
  "root": "root",
  "version": 7
}
