{
  "nodes": {
    "gnulib": {
      "flake": false,
      "locked": {
        "lastModified": 1644201512,
        "narHash": "sha256-e2n/D4PaV7LGQwu+UDDjIejmhTy4RrTHpxCwe7lw+vc=",
        "rev": "a5218207e5f92e152a34994cce4aa415b1eb25c8",
        "revCount": 22471,
        "type": "git",
        "url": "https://git.savannah.gnu.org/r/gnulib.git"
      },
      "original": {
        "rev": "a5218207e5f92e152a34994cce4aa415b1eb25c8",
        "type": "git",
        "url": "https://git.savannah.gnu.org/r/gnulib.git"
      }
    },
    "libtool": {
      "flake": false,
      "locked": {
        "lastModified": 1652064390,
        "narHash": "sha256-vp23FQZ88Nahrtb23J5sei2zp6LbgOufnY8rTPu7jUs=",
        "ref": "master",
        "rev": "1d2577357ee704da2d6d7c7da119ad82ba8ca172",
        "revCount": 4247,
        "submodules": true,
        "type": "git",
        "url": "git://git.savannah.gnu.org/libtool.git"
      },
      "original": {
        "submodules": true,
        "type": "git",
        "url": "git://git.savannah.gnu.org/libtool.git"
      }
    },
    "nixpkgs": {
      "locked": {
        "lastModified": 1652467128,
        "narHash": "sha256-1wuQ7QgPQ3tugYcoVMJ3pUzl4wVdBzKZr9qtJAgA4VI=",
        "owner": "NixOS",
        "repo": "nixpkgs",
        "rev": "fb222e008681fce4608e94f2d1dfdf3d03a364c4",
        "type": "github"
      },
      "original": {
        "id": "nixpkgs",
        "type": "indirect"
      }
    },
    "root": {
      "inputs": {
        "gnulib": "gnulib",
        "libtool": "libtool",
        "nixpkgs": "nixpkgs"
      }
    }
  },
  "root": "root",
  "version": 7
}
