{
  "nodes": {
    "gnulib": {
      "flake": false,
      "locked": {
        "lastModified": 1644201512,
        "narHash": "sha256-e2n/D4PaV7LGQwu+UDDjIejmhTy4RrTHpxCwe7lw+vc=",
        "ref": "master",
        "rev": "a5218207e5f92e152a34994cce4aa415b1eb25c8",
        "revCount": 22471,
        "type": "git",
        "url": "https://git.savannah.gnu.org/r/gnulib.git"
      },
      "original": {
        "rev": "a5218207e5f92e152a34994cce4aa415b1eb25c8",
        "type": "git",
        "url": "https://git.savannah.gnu.org/r/gnulib.git"
      }
    },
    "libtool": {
      "flake": false,
      "locked": {
        "lastModified": 1644381375,
        "narHash": "sha256-Ae19Ck4aIUjwYxe1lc9mKMotIx3ujzMWNynoEbsRZ2g=",
        "ref": "master",
        "rev": "f5eb6f11698c65e550bfdcc1a0a1943df6d70f28",
        "revCount": 4242,
        "submodules": true,
        "type": "git",
        "url": "git://git.savannah.gnu.org/libtool.git"
      },
      "original": {
        "submodules": true,
        "type": "git",
        "url": "git://git.savannah.gnu.org/libtool.git"
      }
    },
    "nixpkgs": {
      "locked": {
        "lastModified": 1644486793,
        "narHash": "sha256-EeijR4guVHgVv+JpOX3cQO+1XdrkJfGmiJ9XVsVU530=",
        "owner": "NixOS",
        "repo": "nixpkgs",
        "rev": "1882c6b7368fd284ad01b0a5b5601ef136321292",
        "type": "github"
      },
      "original": {
        "id": "nixpkgs",
        "type": "indirect"
      }
    },
    "root": {
      "inputs": {
        "gnulib": "gnulib",
        "libtool": "libtool",
        "nixpkgs": "nixpkgs"
      }
    }
  },
  "root": "root",
  "version": 7
}
